[[package]]
category = "main"
description = "Fast, Extensible Progress Meter"
name = "tqdm"
optional = false
python-versions = ">=2.6, !=3.0.*, !=3.1.*"
version = "4.43.0"

[package.extras]
dev = ["py-make (>=0.1.0)", "twine", "argopt", "pydoc-markdown"]

[metadata]
content-hash = "f6ee8ec2faefbb17a455539e38e46bbf25f21c413ae77d9b58de3f7b00c13aa5"
python-versions = "^3.7"

[metadata.files]
tqdm = [
    {file = "tqdm-4.43.0-py2.py3-none-any.whl", hash = "sha256:0d8b5afb66e23d80433102e9bd8b5c8b65d34c2a2255b2de58d97bd2ea8170fd"},
    {file = "tqdm-4.43.0.tar.gz", hash = "sha256:f35fb121bafa030bd94e74fcfd44f3c2830039a2ddef7fc87ef1c2d205237b24"},
]
